// !$*UTF8*$!
{
	archiveVersion = 1;
	classes = {
	};
	objectVersion = 46;
	objects = {
/* Begin PBXBuildFile section */
		0207DA581B56EA530066E2B4 /* Images.xcassets in Resources */ = {isa = PBXBuildFile; fileRef = 0207DA571B56EA530066E2B4 /* Images.xcassets */; };
		1D3623260D0F684500981E51 /* AppDelegate.m in Sources */ = {isa = PBXBuildFile; fileRef = 1D3623250D0F684500981E51 /* AppDelegate.m */; };
		1D60589B0D05DD56006BFB54 /* main.m in Sources */ = {isa = PBXBuildFile; fileRef = 29B97316FDCFA39411CA2CEA /* main.m */; };
		301BF552109A68D80062928A /* libCordova.a in Frameworks */ = {isa = PBXBuildFile; fileRef = 301BF535109A57CC0062928A /* libCordova.a */; };
		302D95F114D2391D003F00A1 /* MainViewController.m in Sources */ = {isa = PBXBuildFile; fileRef = 302D95EF14D2391D003F00A1 /* MainViewController.m */; };
		302D95F214D2391D003F00A1 /* MainViewController.xib in Resources */ = {isa = PBXBuildFile; fileRef = 302D95F014D2391D003F00A1 /* MainViewController.xib */; };
		3047A5121AB8059700498E2A /* build-debug.xcconfig in Resources */ = {isa = PBXBuildFile; fileRef = 3047A50F1AB8059700498E2A /* build-debug.xcconfig */; };
		3047A5131AB8059700498E2A /* build-release.xcconfig in Resources */ = {isa = PBXBuildFile; fileRef = 3047A5101AB8059700498E2A /* build-release.xcconfig */; };
		3047A5141AB8059700498E2A /* build.xcconfig in Resources */ = {isa = PBXBuildFile; fileRef = 3047A5111AB8059700498E2A /* build.xcconfig */; };
		6AFF5BF91D6E424B00AB3073 /* CDVLaunchScreen.storyboard in Resources */ = {isa = PBXBuildFile; fileRef = 6AFF5BF81D6E424B00AB3073 /* CDVLaunchScreen.storyboard */; };
		86085564E32042FB87C9963B /* CDVFile.m in Sources */ = {isa = PBXBuildFile; fileRef = 565DB4216DD44008B3C70DA0 /* CDVFile.m */; };
		88DA150C658F4C109CC155AA /* CDVLocalFilesystem.m in Sources */ = {isa = PBXBuildFile; fileRef = A1B896EBF6A84FB08C8318D5 /* CDVLocalFilesystem.m */; };
		43076B1EEA6A4461952C10E4 /* CDVAssetLibraryFilesystem.m in Sources */ = {isa = PBXBuildFile; fileRef = 3E9A0C0B4B8A4308A2BF56A6 /* CDVAssetLibraryFilesystem.m */; };
		962202D9A6EA4034B855A453 /* CordovaHttpPlugin.m in Sources */ = {isa = PBXBuildFile; fileRef = C315EE72C27A4F6C9C9AD06A /* CordovaHttpPlugin.m */; };
		0CF4C2C3713147699F547C74 /* TextResponseSerializer.m in Sources */ = {isa = PBXBuildFile; fileRef = 4CDA2DF0F3B74219A3C59D18 /* TextResponseSerializer.m */; };
		01AC9F1935D94E8AAA488BA7 /* TextRequestSerializer.m in Sources */ = {isa = PBXBuildFile; fileRef = 795CA053C0BD4C1A94EE5B07 /* TextRequestSerializer.m */; };
		B23ECC56526A4137BD11644C /* AFHTTPSessionManager.m in Sources */ = {isa = PBXBuildFile; fileRef = B3D44B59C76649EDA2A75C95 /* AFHTTPSessionManager.m */; };
		F4BEAAB4B2CE4BF3A9E943D8 /* AFNetworkReachabilityManager.m in Sources */ = {isa = PBXBuildFile; fileRef = 0A90C0E8F5A340DB88FA2DFB /* AFNetworkReachabilityManager.m */; };
		AFCB7B9BAC1B4364998B3AF7 /* AFSecurityPolicy.m in Sources */ = {isa = PBXBuildFile; fileRef = 5A26815C1B074C4B9D0D21BE /* AFSecurityPolicy.m */; };
		4169FB244383418D892ED393 /* AFURLRequestSerialization.m in Sources */ = {isa = PBXBuildFile; fileRef = F52053E418624FF2A6E30072 /* AFURLRequestSerialization.m */; };
		1C20FA858FC845A59E838E92 /* AFURLResponseSerialization.m in Sources */ = {isa = PBXBuildFile; fileRef = 2A40ADE554DB4A4E97CAA80B /* AFURLResponseSerialization.m */; };
		7E67D23D62554CDC84D0C305 /* AFURLSessionManager.m in Sources */ = {isa = PBXBuildFile; fileRef = DC894F46E3AC4208B22A9EED /* AFURLSessionManager.m */; };
		8A8FEF7E5FD54EE783D0A75F /* Security.framework in Frameworks */ = {isa = PBXBuildFile; fileRef = E1D1057377334BEAA9E998F4 /* Security.framework */; };
		7EEB1F5B600840FEB375AEBD /* SystemConfiguration.framework in Frameworks */ = {isa = PBXBuildFile; fileRef = 9A6BDFD6D1AC4505ADAE4762 /* SystemConfiguration.framework */; };
		4163D5EECB4F42A9BD4AF408 /* CDVDevice.m in Sources */ = {isa = PBXBuildFile; fileRef = A9FDF6AC8417404D9B281F32 /* CDVDevice.m */; };
		DEE67F592C2246D3B712DCB3 /* APPBackgroundMode.m in Sources */ = {isa = PBXBuildFile; fileRef = 9E7429D73C214900BF54C573 /* APPBackgroundMode.m */; };
		44187A5C645441C79ED45A84 /* APPMethodMagic.m in Sources */ = {isa = PBXBuildFile; fileRef = 4CFE27FCA8B64DDCBE15115A /* APPMethodMagic.m */; };
		6B7F1BE6825847AD9F8AF99E /* appbeep.wav in Resources */ = {isa = PBXBuildFile; fileRef = 3690F8A259C74F6F81F447DC /* appbeep.wav */; };
		0520ECC81F7649198541265B /* APPBadge.m in Sources */ = {isa = PBXBuildFile; fileRef = 523F11CA62B246A68A52E53D /* APPBadge.m */; };
		A062EA327AF744139FE32C20 /* MEGBluetoothSerial.m in Sources */ = {isa = PBXBuildFile; fileRef = 8B1E7D0802014E0B843C0D97 /* MEGBluetoothSerial.m */; };
		A1B5443428A9413F8B6A5D39 /* CBPeripheral+BTSExtensions.m in Sources */ = {isa = PBXBuildFile; fileRef = A27CABDF593244F9A04E44AF /* CBPeripheral+BTSExtensions.m */; };
		5B9AE631D76846919DC8A6B4 /* BLE.m in Sources */ = {isa = PBXBuildFile; fileRef = E72BA5D3167945DEBBED049D /* BLE.m */; };
		22517D15A9654B7AA478081F /* CoreBluetooth.framework in Frameworks */ = {isa = PBXBuildFile; fileRef = 4957B11F726547D285120ECD /* CoreBluetooth.framework */; };
		CD7DB8191BA943D5B5DEFE37 /* CDVInAppBrowser.m in Sources */ = {isa = PBXBuildFile; fileRef = F1909227955246D5A216365D /* CDVInAppBrowser.m */; };
		3A87699676DF42618D0896C7 /* CDVWKWebViewEngine.m in Sources */ = {isa = PBXBuildFile; fileRef = D898B7C30B004B6FA16B9336 /* CDVWKWebViewEngine.m */; };
		BE65AD24E1694DB69278E9B0 /* CDVWKWebViewUIDelegate.m in Sources */ = {isa = PBXBuildFile; fileRef = 7E4817E0C7D543F48DB09A4F /* CDVWKWebViewUIDelegate.m */; };
		9C002CBA5E6A43BDAE70441E /* CDVWKProcessPoolFactory.m in Sources */ = {isa = PBXBuildFile; fileRef = 16BC8170904A41249DD9E540 /* CDVWKProcessPoolFactory.m */; };
		80223F25B91E45628DBB4546 /* GCDWebServer.m in Sources */ = {isa = PBXBuildFile; fileRef = 329426EA2F584750B78B3866 /* GCDWebServer.m */; };
		8F4722CEF2264FADB78EFEE7 /* GCDWebServerConnection.m in Sources */ = {isa = PBXBuildFile; fileRef = 315C3EEBDDC446F59E473646 /* GCDWebServerConnection.m */; };
		FFC638FA6ACB478AB8A0CA78 /* GCDWebServerFunctions.m in Sources */ = {isa = PBXBuildFile; fileRef = B4056D5110FE4FC2AD4BAC71 /* GCDWebServerFunctions.m */; };
		A407E530CA0A425A89CB63F9 /* GCDWebServerRequest.m in Sources */ = {isa = PBXBuildFile; fileRef = 30EB2E0DB2D8441AA4598F2F /* GCDWebServerRequest.m */; };
		602499CEC5EF4D79817106F6 /* GCDWebServerResponse.m in Sources */ = {isa = PBXBuildFile; fileRef = B2E0C9E6D16E4BE6AC4FB271 /* GCDWebServerResponse.m */; };
		A7608186912D44CD891F0B2E /* GCDWebServerDataRequest.m in Sources */ = {isa = PBXBuildFile; fileRef = 019134FD8898498690519A45 /* GCDWebServerDataRequest.m */; };
		4EA37B17209743EDAEBDE055 /* GCDWebServerFileRequest.m in Sources */ = {isa = PBXBuildFile; fileRef = 99B7BCB77585423585BB743E /* GCDWebServerFileRequest.m */; };
		48DE04EFDDB4474DBA0CE5C3 /* GCDWebServerMultiPartFormRequest.m in Sources */ = {isa = PBXBuildFile; fileRef = FEEA06330F654972A27A55D0 /* GCDWebServerMultiPartFormRequest.m */; };
		0014674F31404004B61BD939 /* GCDWebServerURLEncodedFormRequest.m in Sources */ = {isa = PBXBuildFile; fileRef = 90856B0D5E2E4729A2874E6D /* GCDWebServerURLEncodedFormRequest.m */; };
		5F0D2CE00BDF4E7D946EDB92 /* GCDWebServerDataResponse.m in Sources */ = {isa = PBXBuildFile; fileRef = 7D62BC410D11438D8C5CF117 /* GCDWebServerDataResponse.m */; };
		D117CE9052064AA0811318BA /* GCDWebServerErrorResponse.m in Sources */ = {isa = PBXBuildFile; fileRef = 83635B81D8F6443287CEF9AF /* GCDWebServerErrorResponse.m */; };
		DBFBEF8F27824A809C6ECFF7 /* GCDWebServerFileResponse.m in Sources */ = {isa = PBXBuildFile; fileRef = 07D2C9551C3648D9B4CDA0AE /* GCDWebServerFileResponse.m */; };
		A3A5BDDADEA84610AAE76D04 /* GCDWebServerStreamedResponse.m in Sources */ = {isa = PBXBuildFile; fileRef = 6898EA8AFEC54335AD40E597 /* GCDWebServerStreamedResponse.m */; };
		F0F7449579DA49D08C7096F7 /* WebKit.framework in Frameworks */ = {isa = PBXBuildFile; fileRef = D29401B077BC45F896DD9999 /* WebKit.framework */; settings = {ATTRIBUTES = (Weak, ); }; };
		D0B7E7813ACE47E798BFBD17 /* libz.tbd in Frameworks */ = {isa = PBXBuildFile; fileRef = 0DC6A4346B894A39AD775616 /* libz.tbd */; };
		1CBD3B6A3B61484CBFE53E0B /* APPLocalNotification.m in Sources */ = {isa = PBXBuildFile; fileRef = BF8A2878522340419ABCF47A /* APPLocalNotification.m */; };
		B4334B3E9C7B47418C854E56 /* APPNotificationContent.m in Sources */ = {isa = PBXBuildFile; fileRef = 64757FED48864773A7271183 /* APPNotificationContent.m */; };
		A3470A7ADFD14C6F9D4379B3 /* APPNotificationOptions.m in Sources */ = {isa = PBXBuildFile; fileRef = 96AEEEB3F9634E60BB3E1F6D /* APPNotificationOptions.m */; };
		3FBC91ECFA364392AA2F9683 /* UNUserNotificationCenter+APPLocalNotification.m in Sources */ = {isa = PBXBuildFile; fileRef = 5980844671CE4B778AA66167 /* UNUserNotificationCenter+APPLocalNotification.m */; };
		962B5D28363848039DA28EA1 /* UNNotificationRequest+APPLocalNotification.m in Sources */ = {isa = PBXBuildFile; fileRef = 79B7C96C25814C489A9660A8 /* UNNotificationRequest+APPLocalNotification.m */; };
		BF798C3887D7426EB92DBAA1 /* UserNotifications.framework in Frameworks */ = {isa = PBXBuildFile; fileRef = 5EEA97E9D9C74360BD9FF755 /* UserNotifications.framework */; };
		EDAE355604A249E39082B427 /* CoreLocation.framework in Frameworks */ = {isa = PBXBuildFile; fileRef = 25B0E9DF9947442B80EBCCC8 /* CoreLocation.framework */; };
		113D3B65DCE44842B11F9B3B /* NativeAudio.m in Sources */ = {isa = PBXBuildFile; fileRef = F75140EDB9584489875254F2 /* NativeAudio.m */; };
		59048EA2B6044E37B4DEFAAA /* NativeAudioAsset.m in Sources */ = {isa = PBXBuildFile; fileRef = 3E6215FF2BB44FAAACE07D17 /* NativeAudioAsset.m */; };
		AC12FE42475540FE8E106A48 /* Foundation.framework in Frameworks */ = {isa = PBXBuildFile; fileRef = B381A09AA4E148E491E69033 /* Foundation.framework */; };
		37480ECDBA724503B95E501C /* AVFoundation.framework in Frameworks */ = {isa = PBXBuildFile; fileRef = 2735BE21FCED490EAA5E45F3 /* AVFoundation.framework */; };
		AAEECADB9F9E44CB8BF6F5E6 /* AudioToolbox.framework in Frameworks */ = {isa = PBXBuildFile; fileRef = 4A06D020E05A47D38D015C61 /* AudioToolbox.framework */; };
		1769F2149AAF4226BFFBA9BE /* CDVSplashScreen.m in Sources */ = {isa = PBXBuildFile; fileRef = 596155DF13BC4EB19051A118 /* CDVSplashScreen.m */; };
		712FB6D6FB19433D807FD9E3 /* CDVViewController+SplashScreen.m in Sources */ = {isa = PBXBuildFile; fileRef = FF5E47E925F04C28867D9503 /* CDVViewController+SplashScreen.m */; };
		99E9BAE2275647B8980B54E4 /* SQLitePlugin.m in Sources */ = {isa = PBXBuildFile; fileRef = A7E7900F16384E87825C7F96 /* SQLitePlugin.m */; };
		EA0FACAD1D8C4938BBD6EBC5 /* PSPDFThreadSafeMutableDictionary.m in Sources */ = {isa = PBXBuildFile; fileRef = DD78FA97C4EA48839146F1F9 /* PSPDFThreadSafeMutableDictionary.m */; settings = {COMPILER_FLAGS = "-w"; }; };
		E1F05EFFC1004E87A4AE593A /* sqlite3.c in Resources */ = {isa = PBXBuildFile; fileRef = 6625F838441746B6A84B7B40 /* sqlite3.c */; settings = {COMPILER_FLAGS = "-w -DSQLITE_THREADSAFE=1 -DSQLITE_DEFAULT_SYNCHRONOUS=3 -DSQLITE_DEFAULT_MEMSTATUS=0 -DSQLITE_OMIT_DECLTYPE -DSQLITE_OMIT_DEPRECATED -DSQLITE_OMIT_PROGRESS_CALLBACK -DSQLITE_OMIT_SHARED_CACHE -DSQLITE_TEMP_STORE=2 -DSQLITE_OMIT_LOAD_EXTENSION -DSQLITE_ENABLE_FTS3 -DSQLITE_ENABLE_FTS3_PARENTHESIS -DSQLITE_ENABLE_FTS4 -DSQLITE_ENABLE_RTREE -DSQLITE_DEFAULT_PAGE_SIZE=1024 -DSQLITE_DEFAULT_CACHE_SIZE=2000"; }; };
		0C79AB2C14264CE9A1A4666B /* IonicKeyboard.m in Sources */ = {isa = PBXBuildFile; fileRef = 890B3E4C690F4FE4A6F0A158 /* IonicKeyboard.m */; };
/* End PBXBuildFile section */

/* Begin PBXContainerItemProxy section */
		301BF534109A57CC0062928A /* PBXContainerItemProxy */ = {
			isa = PBXContainerItemProxy;
			containerPortal = 301BF52D109A57CC0062928A /* CordovaLib.xcodeproj */;
			proxyType = 2;
			remoteGlobalIDString = D2AAC07E0554694100DB518D;
			remoteInfo = CordovaLib;
		};
		301BF550109A68C00062928A /* PBXContainerItemProxy */ = {
			isa = PBXContainerItemProxy;
			containerPortal = 301BF52D109A57CC0062928A /* CordovaLib.xcodeproj */;
			proxyType = 1;
			remoteGlobalIDString = D2AAC07D0554694100DB518D;
			remoteInfo = CordovaLib;
		};
/* End PBXContainerItemProxy section */

/* Begin PBXFileReference section */
		0207DA571B56EA530066E2B4 /* Images.xcassets */ = {isa = PBXFileReference; lastKnownFileType = folder.assetcatalog; name = Images.xcassets; path = "MyApp/Images.xcassets"; sourceTree = SOURCE_ROOT; };
		1D3623240D0F684500981E51 /* AppDelegate.h */ = {isa = PBXFileReference; fileEncoding = 4; lastKnownFileType = sourcecode.c.h; path = AppDelegate.h; sourceTree = "<group>"; };
		1D3623250D0F684500981E51 /* AppDelegate.m */ = {isa = PBXFileReference; fileEncoding = 4; lastKnownFileType = sourcecode.c.objc; path = AppDelegate.m; sourceTree = "<group>"; };
		1D6058910D05DD3D006BFB54 /* MyApp.app */ = {isa = PBXFileReference; explicitFileType = wrapper.application; includeInIndex = 0; path = "MyApp.app"; sourceTree = BUILT_PRODUCTS_DIR; };
		29B97316FDCFA39411CA2CEA /* main.m */ = {isa = PBXFileReference; fileEncoding = 4; lastKnownFileType = sourcecode.c.objc; path = main.m; sourceTree = "<group>"; };
		301BF52D109A57CC0062928A /* CordovaLib.xcodeproj */ = {isa = PBXFileReference; lastKnownFileType = "wrapper.pb-project"; path = CordovaLib/CordovaLib.xcodeproj; sourceTree = "<group>"; };
		301BF56E109A69640062928A /* www */ = {isa = PBXFileReference; lastKnownFileType = folder; path = www; sourceTree = SOURCE_ROOT; };
		302D95EE14D2391D003F00A1 /* MainViewController.h */ = {isa = PBXFileReference; fileEncoding = 4; lastKnownFileType = sourcecode.c.h; path = MainViewController.h; sourceTree = "<group>"; };
		302D95EF14D2391D003F00A1 /* MainViewController.m */ = {isa = PBXFileReference; fileEncoding = 4; lastKnownFileType = sourcecode.c.objc; path = MainViewController.m; sourceTree = "<group>"; };
		302D95F014D2391D003F00A1 /* MainViewController.xib */ = {isa = PBXFileReference; fileEncoding = 4; lastKnownFileType = file.xib; path = MainViewController.xib; sourceTree = "<group>"; };
		3047A50F1AB8059700498E2A /* build-debug.xcconfig */ = {isa = PBXFileReference; fileEncoding = 4; lastKnownFileType = text.xcconfig; name = "build-debug.xcconfig"; path = cordova/build-debug.xcconfig; sourceTree = SOURCE_ROOT; };
		3047A5101AB8059700498E2A /* build-release.xcconfig */ = {isa = PBXFileReference; fileEncoding = 4; lastKnownFileType = text.xcconfig; name = "build-release.xcconfig"; path = cordova/build-release.xcconfig; sourceTree = SOURCE_ROOT; };
		3047A5111AB8059700498E2A /* build.xcconfig */ = {isa = PBXFileReference; fileEncoding = 4; lastKnownFileType = text.xcconfig; name = build.xcconfig; path = cordova/build.xcconfig; sourceTree = SOURCE_ROOT; };
		32CA4F630368D1EE00C91783 /* MyApp-Prefix.pch */ = {isa = PBXFileReference; fileEncoding = 4; lastKnownFileType = sourcecode.c.h; path = "MyApp-Prefix.pch"; sourceTree = "<group>"; };
		6AFF5BF81D6E424B00AB3073 /* CDVLaunchScreen.storyboard */ = {isa = PBXFileReference; fileEncoding = 4; lastKnownFileType = file.storyboard; name = CDVLaunchScreen.storyboard; path = "MyApp/CDVLaunchScreen.storyboard"; sourceTree = SOURCE_ROOT; };
		8D1107310486CEB800E47090 /* MyApp-Info.plist */ = {isa = PBXFileReference; fileEncoding = 4; lastKnownFileType = text.plist.xml; name = "MyApp-Info.plist"; path = "MyApp/MyApp-Info.plist"; plistStructureDefinitionIdentifier = "com.apple.xcode.plist.structure-definition.iphone.info-plist"; sourceTree = SOURCE_ROOT; };
		EB87FDF31871DA8E0020F90C /* www */ = {isa = PBXFileReference; lastKnownFileType = folder; name = www; path = ../../www; sourceTree = "<group>"; };
		EB87FDF41871DAF40020F90C /* config.xml */ = {isa = PBXFileReference; lastKnownFileType = text.xml; name = config.xml; path = ../../config.xml; sourceTree = "<group>"; };
		F840E1F0165FE0F500CFE078 /* config.xml */ = {isa = PBXFileReference; lastKnownFileType = text.xml; name = config.xml; path = "MyApp/config.xml"; sourceTree = "<group>"; };
		ED33DF2A687741AEAF9F8254 /* Bridging-Header.h */ = {isa = PBXFileReference; fileEncoding = 4; lastKnownFileType = sourcecode.c.h; name = "Bridging-Header.h"; path = "Bridging-Header.h"; sourceTree = "<group>"; };
		565DB4216DD44008B3C70DA0 /* CDVFile.m */ = {isa = PBXFileReference; name = "CDVFile.m"; path = "cordova-plugin-file/CDVFile.m"; sourceTree = "<group>"; fileEncoding = 4; lastKnownFileType = sourcecode.c.objc; explicitFileType = undefined; includeInIndex = 0; };
		A1B896EBF6A84FB08C8318D5 /* CDVLocalFilesystem.m */ = {isa = PBXFileReference; name = "CDVLocalFilesystem.m"; path = "cordova-plugin-file/CDVLocalFilesystem.m"; sourceTree = "<group>"; fileEncoding = 4; lastKnownFileType = sourcecode.c.objc; explicitFileType = undefined; includeInIndex = 0; };
		3E9A0C0B4B8A4308A2BF56A6 /* CDVAssetLibraryFilesystem.m */ = {isa = PBXFileReference; name = "CDVAssetLibraryFilesystem.m"; path = "cordova-plugin-file/CDVAssetLibraryFilesystem.m"; sourceTree = "<group>"; fileEncoding = 4; lastKnownFileType = sourcecode.c.objc; explicitFileType = undefined; includeInIndex = 0; };
		256A0035A85A4486B9E03EC8 /* CDVFile.h */ = {isa = PBXFileReference; name = "CDVFile.h"; path = "cordova-plugin-file/CDVFile.h"; sourceTree = "<group>"; fileEncoding = 4; lastKnownFileType = sourcecode.c.h; explicitFileType = undefined; includeInIndex = 0; };
		44ADD837F4644F2F8402CC38 /* CDVLocalFilesystem.h */ = {isa = PBXFileReference; name = "CDVLocalFilesystem.h"; path = "cordova-plugin-file/CDVLocalFilesystem.h"; sourceTree = "<group>"; fileEncoding = 4; lastKnownFileType = sourcecode.c.h; explicitFileType = undefined; includeInIndex = 0; };
		DB24D2D5378B469F8812EE11 /* CDVAssetLibraryFilesystem.h */ = {isa = PBXFileReference; name = "CDVAssetLibraryFilesystem.h"; path = "cordova-plugin-file/CDVAssetLibraryFilesystem.h"; sourceTree = "<group>"; fileEncoding = 4; lastKnownFileType = sourcecode.c.h; explicitFileType = undefined; includeInIndex = 0; };
		C315EE72C27A4F6C9C9AD06A /* CordovaHttpPlugin.m */ = {isa = PBXFileReference; name = "CordovaHttpPlugin.m"; path = "cordova-plugin-advanced-http/CordovaHttpPlugin.m"; sourceTree = "<group>"; fileEncoding = 4; lastKnownFileType = sourcecode.c.objc; explicitFileType = undefined; includeInIndex = 0; };
		4CDA2DF0F3B74219A3C59D18 /* TextResponseSerializer.m */ = {isa = PBXFileReference; name = "TextResponseSerializer.m"; path = "cordova-plugin-advanced-http/TextResponseSerializer.m"; sourceTree = "<group>"; fileEncoding = 4; lastKnownFileType = sourcecode.c.objc; explicitFileType = undefined; includeInIndex = 0; };
		795CA053C0BD4C1A94EE5B07 /* TextRequestSerializer.m */ = {isa = PBXFileReference; name = "TextRequestSerializer.m"; path = "cordova-plugin-advanced-http/TextRequestSerializer.m"; sourceTree = "<group>"; fileEncoding = 4; lastKnownFileType = sourcecode.c.objc; explicitFileType = undefined; includeInIndex = 0; };
		B3D44B59C76649EDA2A75C95 /* AFHTTPSessionManager.m */ = {isa = PBXFileReference; name = "AFHTTPSessionManager.m"; path = "cordova-plugin-advanced-http/AFHTTPSessionManager.m"; sourceTree = "<group>"; fileEncoding = 4; lastKnownFileType = sourcecode.c.objc; explicitFileType = undefined; includeInIndex = 0; };
		0A90C0E8F5A340DB88FA2DFB /* AFNetworkReachabilityManager.m */ = {isa = PBXFileReference; name = "AFNetworkReachabilityManager.m"; path = "cordova-plugin-advanced-http/AFNetworkReachabilityManager.m"; sourceTree = "<group>"; fileEncoding = 4; lastKnownFileType = sourcecode.c.objc; explicitFileType = undefined; includeInIndex = 0; };
		5A26815C1B074C4B9D0D21BE /* AFSecurityPolicy.m */ = {isa = PBXFileReference; name = "AFSecurityPolicy.m"; path = "cordova-plugin-advanced-http/AFSecurityPolicy.m"; sourceTree = "<group>"; fileEncoding = 4; lastKnownFileType = sourcecode.c.objc; explicitFileType = undefined; includeInIndex = 0; };
		F52053E418624FF2A6E30072 /* AFURLRequestSerialization.m */ = {isa = PBXFileReference; name = "AFURLRequestSerialization.m"; path = "cordova-plugin-advanced-http/AFURLRequestSerialization.m"; sourceTree = "<group>"; fileEncoding = 4; lastKnownFileType = sourcecode.c.objc; explicitFileType = undefined; includeInIndex = 0; };
		2A40ADE554DB4A4E97CAA80B /* AFURLResponseSerialization.m */ = {isa = PBXFileReference; name = "AFURLResponseSerialization.m"; path = "cordova-plugin-advanced-http/AFURLResponseSerialization.m"; sourceTree = "<group>"; fileEncoding = 4; lastKnownFileType = sourcecode.c.objc; explicitFileType = undefined; includeInIndex = 0; };
		DC894F46E3AC4208B22A9EED /* AFURLSessionManager.m */ = {isa = PBXFileReference; name = "AFURLSessionManager.m"; path = "cordova-plugin-advanced-http/AFURLSessionManager.m"; sourceTree = "<group>"; fileEncoding = 4; lastKnownFileType = sourcecode.c.objc; explicitFileType = undefined; includeInIndex = 0; };
		08510BB6416B4C3380F642C4 /* CordovaHttpPlugin.h */ = {isa = PBXFileReference; name = "CordovaHttpPlugin.h"; path = "cordova-plugin-advanced-http/CordovaHttpPlugin.h"; sourceTree = "<group>"; fileEncoding = 4; lastKnownFileType = sourcecode.c.h; explicitFileType = undefined; includeInIndex = 0; };
		DF616523FD6A4F92974B0849 /* TextResponseSerializer.h */ = {isa = PBXFileReference; name = "TextResponseSerializer.h"; path = "cordova-plugin-advanced-http/TextResponseSerializer.h"; sourceTree = "<group>"; fileEncoding = 4; lastKnownFileType = sourcecode.c.h; explicitFileType = undefined; includeInIndex = 0; };
		304A3354C58249B599F552AF /* TextRequestSerializer.h */ = {isa = PBXFileReference; name = "TextRequestSerializer.h"; path = "cordova-plugin-advanced-http/TextRequestSerializer.h"; sourceTree = "<group>"; fileEncoding = 4; lastKnownFileType = sourcecode.c.h; explicitFileType = undefined; includeInIndex = 0; };
		28045A3ADD254FFFBAEAFE2A /* AFHTTPSessionManager.h */ = {isa = PBXFileReference; name = "AFHTTPSessionManager.h"; path = "cordova-plugin-advanced-http/AFHTTPSessionManager.h"; sourceTree = "<group>"; fileEncoding = 4; lastKnownFileType = sourcecode.c.h; explicitFileType = undefined; includeInIndex = 0; };
		58077D7C8BFD4EB292F736AF /* AFNetworking.h */ = {isa = PBXFileReference; name = "AFNetworking.h"; path = "cordova-plugin-advanced-http/AFNetworking.h"; sourceTree = "<group>"; fileEncoding = 4; lastKnownFileType = sourcecode.c.h; explicitFileType = undefined; includeInIndex = 0; };
		192697DF00EE44FBA6A81AE6 /* AFNetworkReachabilityManager.h */ = {isa = PBXFileReference; name = "AFNetworkReachabilityManager.h"; path = "cordova-plugin-advanced-http/AFNetworkReachabilityManager.h"; sourceTree = "<group>"; fileEncoding = 4; lastKnownFileType = sourcecode.c.h; explicitFileType = undefined; includeInIndex = 0; };
		04B66467349B4B46B6A4E1A0 /* AFSecurityPolicy.h */ = {isa = PBXFileReference; name = "AFSecurityPolicy.h"; path = "cordova-plugin-advanced-http/AFSecurityPolicy.h"; sourceTree = "<group>"; fileEncoding = 4; lastKnownFileType = sourcecode.c.h; explicitFileType = undefined; includeInIndex = 0; };
		F5825DCB5C6343B4B1929CDE /* AFURLRequestSerialization.h */ = {isa = PBXFileReference; name = "AFURLRequestSerialization.h"; path = "cordova-plugin-advanced-http/AFURLRequestSerialization.h"; sourceTree = "<group>"; fileEncoding = 4; lastKnownFileType = sourcecode.c.h; explicitFileType = undefined; includeInIndex = 0; };
		DF6D0629CF01402FB640171B /* AFURLResponseSerialization.h */ = {isa = PBXFileReference; name = "AFURLResponseSerialization.h"; path = "cordova-plugin-advanced-http/AFURLResponseSerialization.h"; sourceTree = "<group>"; fileEncoding = 4; lastKnownFileType = sourcecode.c.h; explicitFileType = undefined; includeInIndex = 0; };
		83B50A53CA6E4ACEAEF9A822 /* AFURLSessionManager.h */ = {isa = PBXFileReference; name = "AFURLSessionManager.h"; path = "cordova-plugin-advanced-http/AFURLSessionManager.h"; sourceTree = "<group>"; fileEncoding = 4; lastKnownFileType = sourcecode.c.h; explicitFileType = undefined; includeInIndex = 0; };
		E1D1057377334BEAA9E998F4 /* Security.framework */ = {isa = PBXFileReference; name = "Security.framework"; path = "System/Library/Frameworks/Security.framework"; sourceTree = SDKROOT; fileEncoding = undefined; lastKnownFileType = wrapper.framework; explicitFileType = undefined; includeInIndex = 0; };
		9A6BDFD6D1AC4505ADAE4762 /* SystemConfiguration.framework */ = {isa = PBXFileReference; name = "SystemConfiguration.framework"; path = "System/Library/Frameworks/SystemConfiguration.framework"; sourceTree = SDKROOT; fileEncoding = undefined; lastKnownFileType = wrapper.framework; explicitFileType = undefined; includeInIndex = 0; };
		A9FDF6AC8417404D9B281F32 /* CDVDevice.m */ = {isa = PBXFileReference; name = "CDVDevice.m"; path = "cordova-plugin-device/CDVDevice.m"; sourceTree = "<group>"; fileEncoding = 4; lastKnownFileType = sourcecode.c.objc; explicitFileType = undefined; includeInIndex = 0; };
		22941AA37A6143119BBCB2F1 /* CDVDevice.h */ = {isa = PBXFileReference; name = "CDVDevice.h"; path = "cordova-plugin-device/CDVDevice.h"; sourceTree = "<group>"; fileEncoding = 4; lastKnownFileType = sourcecode.c.h; explicitFileType = undefined; includeInIndex = 0; };
		9E7429D73C214900BF54C573 /* APPBackgroundMode.m */ = {isa = PBXFileReference; name = "APPBackgroundMode.m"; path = "cordova-plugin-background-mode/APPBackgroundMode.m"; sourceTree = "<group>"; fileEncoding = 4; lastKnownFileType = sourcecode.c.objc; explicitFileType = undefined; includeInIndex = 0; };
		4CFE27FCA8B64DDCBE15115A /* APPMethodMagic.m */ = {isa = PBXFileReference; name = "APPMethodMagic.m"; path = "cordova-plugin-background-mode/APPMethodMagic.m"; sourceTree = "<group>"; fileEncoding = 4; lastKnownFileType = sourcecode.c.objc; explicitFileType = undefined; includeInIndex = 0; };
		359BA3645C8444F7823F2446 /* APPBackgroundMode.h */ = {isa = PBXFileReference; name = "APPBackgroundMode.h"; path = "cordova-plugin-background-mode/APPBackgroundMode.h"; sourceTree = "<group>"; fileEncoding = 4; lastKnownFileType = sourcecode.c.h; explicitFileType = undefined; includeInIndex = 0; };
		8D665366A01C48DE8B2A2B47 /* APPMethodMagic.h */ = {isa = PBXFileReference; name = "APPMethodMagic.h"; path = "cordova-plugin-background-mode/APPMethodMagic.h"; sourceTree = "<group>"; fileEncoding = 4; lastKnownFileType = sourcecode.c.h; explicitFileType = undefined; includeInIndex = 0; };
		3690F8A259C74F6F81F447DC /* appbeep.wav */ = {isa = PBXFileReference; name = "appbeep.wav"; path = "appbeep.wav"; sourceTree = "<group>"; fileEncoding = undefined; lastKnownFileType = unknown; explicitFileType = undefined; includeInIndex = 0; };
		523F11CA62B246A68A52E53D /* APPBadge.m */ = {isa = PBXFileReference; name = "APPBadge.m"; path = "cordova-plugin-badge/APPBadge.m"; sourceTree = "<group>"; fileEncoding = 4; lastKnownFileType = sourcecode.c.objc; explicitFileType = undefined; includeInIndex = 0; };
		2C1C78A7526041F49E0D7E05 /* APPBadge.h */ = {isa = PBXFileReference; name = "APPBadge.h"; path = "cordova-plugin-badge/APPBadge.h"; sourceTree = "<group>"; fileEncoding = 4; lastKnownFileType = sourcecode.c.h; explicitFileType = undefined; includeInIndex = 0; };
		8B1E7D0802014E0B843C0D97 /* MEGBluetoothSerial.m */ = {isa = PBXFileReference; name = "MEGBluetoothSerial.m"; path = "cordova-plugin-bluetooth-serial/BluetoothSerial/MEGBluetoothSerial.m"; sourceTree = "<group>"; fileEncoding = 4; lastKnownFileType = sourcecode.c.objc; explicitFileType = undefined; includeInIndex = 0; };
		A27CABDF593244F9A04E44AF /* CBPeripheral+BTSExtensions.m */ = {isa = PBXFileReference; name = "CBPeripheral+BTSExtensions.m"; path = "cordova-plugin-bluetooth-serial/BluetoothSerial/CBPeripheral+BTSExtensions.m"; sourceTree = "<group>"; fileEncoding = 4; lastKnownFileType = sourcecode.c.objc; explicitFileType = undefined; includeInIndex = 0; };
		E72BA5D3167945DEBBED049D /* BLE.m */ = {isa = PBXFileReference; name = "BLE.m"; path = "cordova-plugin-bluetooth-serial/BluetoothSerial/BLE.m"; sourceTree = "<group>"; fileEncoding = 4; lastKnownFileType = sourcecode.c.objc; explicitFileType = undefined; includeInIndex = 0; };
		C5F885F3E580485295AB62D6 /* MEGBluetoothSerial.h */ = {isa = PBXFileReference; name = "MEGBluetoothSerial.h"; path = "cordova-plugin-bluetooth-serial/BluetoothSerial/MEGBluetoothSerial.h"; sourceTree = "<group>"; fileEncoding = 4; lastKnownFileType = sourcecode.c.h; explicitFileType = undefined; includeInIndex = 0; };
		A9E84AA41BA447D7A3E8F166 /* CBPeripheral+BTSExtensions.h */ = {isa = PBXFileReference; name = "CBPeripheral+BTSExtensions.h"; path = "cordova-plugin-bluetooth-serial/BluetoothSerial/CBPeripheral+BTSExtensions.h"; sourceTree = "<group>"; fileEncoding = 4; lastKnownFileType = sourcecode.c.h; explicitFileType = undefined; includeInIndex = 0; };
		DD034715607A4E2F9E45B09C /* BLE.h */ = {isa = PBXFileReference; name = "BLE.h"; path = "cordova-plugin-bluetooth-serial/BluetoothSerial/BLE.h"; sourceTree = "<group>"; fileEncoding = 4; lastKnownFileType = sourcecode.c.h; explicitFileType = undefined; includeInIndex = 0; };
		ADC0F1C8F09848B79915B118 /* BLEDefines.h */ = {isa = PBXFileReference; name = "BLEDefines.h"; path = "cordova-plugin-bluetooth-serial/BluetoothSerial/BLEDefines.h"; sourceTree = "<group>"; fileEncoding = 4; lastKnownFileType = sourcecode.c.h; explicitFileType = undefined; includeInIndex = 0; };
		4957B11F726547D285120ECD /* CoreBluetooth.framework */ = {isa = PBXFileReference; name = "CoreBluetooth.framework"; path = "System/Library/Frameworks/CoreBluetooth.framework"; sourceTree = SDKROOT; fileEncoding = undefined; lastKnownFileType = wrapper.framework; explicitFileType = undefined; includeInIndex = 0; };
		F1909227955246D5A216365D /* CDVInAppBrowser.m */ = {isa = PBXFileReference; name = "CDVInAppBrowser.m"; path = "cordova-plugin-inappbrowser/CDVInAppBrowser.m"; sourceTree = "<group>"; fileEncoding = 4; lastKnownFileType = sourcecode.c.objc; explicitFileType = undefined; includeInIndex = 0; };
		3B172033A5AB470B85B00E56 /* CDVInAppBrowser.h */ = {isa = PBXFileReference; name = "CDVInAppBrowser.h"; path = "cordova-plugin-inappbrowser/CDVInAppBrowser.h"; sourceTree = "<group>"; fileEncoding = 4; lastKnownFileType = sourcecode.c.h; explicitFileType = undefined; includeInIndex = 0; };
		D898B7C30B004B6FA16B9336 /* CDVWKWebViewEngine.m */ = {isa = PBXFileReference; name = "CDVWKWebViewEngine.m"; path = "cordova-plugin-ionic-webview/CDVWKWebViewEngine.m"; sourceTree = "<group>"; fileEncoding = 4; lastKnownFileType = sourcecode.c.objc; explicitFileType = undefined; includeInIndex = 0; };
		7E4817E0C7D543F48DB09A4F /* CDVWKWebViewUIDelegate.m */ = {isa = PBXFileReference; name = "CDVWKWebViewUIDelegate.m"; path = "cordova-plugin-ionic-webview/CDVWKWebViewUIDelegate.m"; sourceTree = "<group>"; fileEncoding = 4; lastKnownFileType = sourcecode.c.objc; explicitFileType = undefined; includeInIndex = 0; };
		16BC8170904A41249DD9E540 /* CDVWKProcessPoolFactory.m */ = {isa = PBXFileReference; name = "CDVWKProcessPoolFactory.m"; path = "cordova-plugin-ionic-webview/CDVWKProcessPoolFactory.m"; sourceTree = "<group>"; fileEncoding = 4; lastKnownFileType = sourcecode.c.objc; explicitFileType = undefined; includeInIndex = 0; };
		329426EA2F584750B78B3866 /* GCDWebServer.m */ = {isa = PBXFileReference; name = "GCDWebServer.m"; path = "cordova-plugin-ionic-webview/GCDWebServer.m"; sourceTree = "<group>"; fileEncoding = 4; lastKnownFileType = sourcecode.c.objc; explicitFileType = undefined; includeInIndex = 0; };
		315C3EEBDDC446F59E473646 /* GCDWebServerConnection.m */ = {isa = PBXFileReference; name = "GCDWebServerConnection.m"; path = "cordova-plugin-ionic-webview/GCDWebServerConnection.m"; sourceTree = "<group>"; fileEncoding = 4; lastKnownFileType = sourcecode.c.objc; explicitFileType = undefined; includeInIndex = 0; };
		B4056D5110FE4FC2AD4BAC71 /* GCDWebServerFunctions.m */ = {isa = PBXFileReference; name = "GCDWebServerFunctions.m"; path = "cordova-plugin-ionic-webview/GCDWebServerFunctions.m"; sourceTree = "<group>"; fileEncoding = 4; lastKnownFileType = sourcecode.c.objc; explicitFileType = undefined; includeInIndex = 0; };
		30EB2E0DB2D8441AA4598F2F /* GCDWebServerRequest.m */ = {isa = PBXFileReference; name = "GCDWebServerRequest.m"; path = "cordova-plugin-ionic-webview/GCDWebServerRequest.m"; sourceTree = "<group>"; fileEncoding = 4; lastKnownFileType = sourcecode.c.objc; explicitFileType = undefined; includeInIndex = 0; };
		B2E0C9E6D16E4BE6AC4FB271 /* GCDWebServerResponse.m */ = {isa = PBXFileReference; name = "GCDWebServerResponse.m"; path = "cordova-plugin-ionic-webview/GCDWebServerResponse.m"; sourceTree = "<group>"; fileEncoding = 4; lastKnownFileType = sourcecode.c.objc; explicitFileType = undefined; includeInIndex = 0; };
		019134FD8898498690519A45 /* GCDWebServerDataRequest.m */ = {isa = PBXFileReference; name = "GCDWebServerDataRequest.m"; path = "cordova-plugin-ionic-webview/GCDWebServerDataRequest.m"; sourceTree = "<group>"; fileEncoding = 4; lastKnownFileType = sourcecode.c.objc; explicitFileType = undefined; includeInIndex = 0; };
		99B7BCB77585423585BB743E /* GCDWebServerFileRequest.m */ = {isa = PBXFileReference; name = "GCDWebServerFileRequest.m"; path = "cordova-plugin-ionic-webview/GCDWebServerFileRequest.m"; sourceTree = "<group>"; fileEncoding = 4; lastKnownFileType = sourcecode.c.objc; explicitFileType = undefined; includeInIndex = 0; };
		FEEA06330F654972A27A55D0 /* GCDWebServerMultiPartFormRequest.m */ = {isa = PBXFileReference; name = "GCDWebServerMultiPartFormRequest.m"; path = "cordova-plugin-ionic-webview/GCDWebServerMultiPartFormRequest.m"; sourceTree = "<group>"; fileEncoding = 4; lastKnownFileType = sourcecode.c.objc; explicitFileType = undefined; includeInIndex = 0; };
		90856B0D5E2E4729A2874E6D /* GCDWebServerURLEncodedFormRequest.m */ = {isa = PBXFileReference; name = "GCDWebServerURLEncodedFormRequest.m"; path = "cordova-plugin-ionic-webview/GCDWebServerURLEncodedFormRequest.m"; sourceTree = "<group>"; fileEncoding = 4; lastKnownFileType = sourcecode.c.objc; explicitFileType = undefined; includeInIndex = 0; };
		7D62BC410D11438D8C5CF117 /* GCDWebServerDataResponse.m */ = {isa = PBXFileReference; name = "GCDWebServerDataResponse.m"; path = "cordova-plugin-ionic-webview/GCDWebServerDataResponse.m"; sourceTree = "<group>"; fileEncoding = 4; lastKnownFileType = sourcecode.c.objc; explicitFileType = undefined; includeInIndex = 0; };
		83635B81D8F6443287CEF9AF /* GCDWebServerErrorResponse.m */ = {isa = PBXFileReference; name = "GCDWebServerErrorResponse.m"; path = "cordova-plugin-ionic-webview/GCDWebServerErrorResponse.m"; sourceTree = "<group>"; fileEncoding = 4; lastKnownFileType = sourcecode.c.objc; explicitFileType = undefined; includeInIndex = 0; };
		07D2C9551C3648D9B4CDA0AE /* GCDWebServerFileResponse.m */ = {isa = PBXFileReference; name = "GCDWebServerFileResponse.m"; path = "cordova-plugin-ionic-webview/GCDWebServerFileResponse.m"; sourceTree = "<group>"; fileEncoding = 4; lastKnownFileType = sourcecode.c.objc; explicitFileType = undefined; includeInIndex = 0; };
		6898EA8AFEC54335AD40E597 /* GCDWebServerStreamedResponse.m */ = {isa = PBXFileReference; name = "GCDWebServerStreamedResponse.m"; path = "cordova-plugin-ionic-webview/GCDWebServerStreamedResponse.m"; sourceTree = "<group>"; fileEncoding = 4; lastKnownFileType = sourcecode.c.objc; explicitFileType = undefined; includeInIndex = 0; };
		8AE98AF118384B4EA51B2BBE /* CDVWKWebViewEngine.h */ = {isa = PBXFileReference; name = "CDVWKWebViewEngine.h"; path = "cordova-plugin-ionic-webview/CDVWKWebViewEngine.h"; sourceTree = "<group>"; fileEncoding = 4; lastKnownFileType = sourcecode.c.h; explicitFileType = undefined; includeInIndex = 0; };
		516503A3CCD4446D8F443176 /* CDVWKWebViewUIDelegate.h */ = {isa = PBXFileReference; name = "CDVWKWebViewUIDelegate.h"; path = "cordova-plugin-ionic-webview/CDVWKWebViewUIDelegate.h"; sourceTree = "<group>"; fileEncoding = 4; lastKnownFileType = sourcecode.c.h; explicitFileType = undefined; includeInIndex = 0; };
		B740D0C91630449FA8748265 /* CDVWKProcessPoolFactory.h */ = {isa = PBXFileReference; name = "CDVWKProcessPoolFactory.h"; path = "cordova-plugin-ionic-webview/CDVWKProcessPoolFactory.h"; sourceTree = "<group>"; fileEncoding = 4; lastKnownFileType = sourcecode.c.h; explicitFileType = undefined; includeInIndex = 0; };
		E7F17C3BDAD847F48257109B /* GCDWebServer.h */ = {isa = PBXFileReference; name = "GCDWebServer.h"; path = "cordova-plugin-ionic-webview/GCDWebServer.h"; sourceTree = "<group>"; fileEncoding = 4; lastKnownFileType = sourcecode.c.h; explicitFileType = undefined; includeInIndex = 0; };
		B31D17B629DF467E9070299A /* GCDWebServerConnection.h */ = {isa = PBXFileReference; name = "GCDWebServerConnection.h"; path = "cordova-plugin-ionic-webview/GCDWebServerConnection.h"; sourceTree = "<group>"; fileEncoding = 4; lastKnownFileType = sourcecode.c.h; explicitFileType = undefined; includeInIndex = 0; };
		0D3CA52F744E4CEF9A77EC1A /* GCDWebServerFunctions.h */ = {isa = PBXFileReference; name = "GCDWebServerFunctions.h"; path = "cordova-plugin-ionic-webview/GCDWebServerFunctions.h"; sourceTree = "<group>"; fileEncoding = 4; lastKnownFileType = sourcecode.c.h; explicitFileType = undefined; includeInIndex = 0; };
		110C5F85C68844DB8C47E3C2 /* GCDWebServerHTTPStatusCodes.h */ = {isa = PBXFileReference; name = "GCDWebServerHTTPStatusCodes.h"; path = "cordova-plugin-ionic-webview/GCDWebServerHTTPStatusCodes.h"; sourceTree = "<group>"; fileEncoding = 4; lastKnownFileType = sourcecode.c.h; explicitFileType = undefined; includeInIndex = 0; };
		124D2A43E90C4CA18A4EA913 /* GCDWebServerPrivate.h */ = {isa = PBXFileReference; name = "GCDWebServerPrivate.h"; path = "cordova-plugin-ionic-webview/GCDWebServerPrivate.h"; sourceTree = "<group>"; fileEncoding = 4; lastKnownFileType = sourcecode.c.h; explicitFileType = undefined; includeInIndex = 0; };
		A3944B1F3AEE45FAB6B22F7D /* GCDWebServerRequest.h */ = {isa = PBXFileReference; name = "GCDWebServerRequest.h"; path = "cordova-plugin-ionic-webview/GCDWebServerRequest.h"; sourceTree = "<group>"; fileEncoding = 4; lastKnownFileType = sourcecode.c.h; explicitFileType = undefined; includeInIndex = 0; };
		60B72EDE191A43729E34864D /* GCDWebServerResponse.h */ = {isa = PBXFileReference; name = "GCDWebServerResponse.h"; path = "cordova-plugin-ionic-webview/GCDWebServerResponse.h"; sourceTree = "<group>"; fileEncoding = 4; lastKnownFileType = sourcecode.c.h; explicitFileType = undefined; includeInIndex = 0; };
		FC41FA7F05014AD2B2D85830 /* GCDWebServerDataRequest.h */ = {isa = PBXFileReference; name = "GCDWebServerDataRequest.h"; path = "cordova-plugin-ionic-webview/GCDWebServerDataRequest.h"; sourceTree = "<group>"; fileEncoding = 4; lastKnownFileType = sourcecode.c.h; explicitFileType = undefined; includeInIndex = 0; };
		6E11325D295F44CBB3ABC34F /* GCDWebServerFileRequest.h */ = {isa = PBXFileReference; name = "GCDWebServerFileRequest.h"; path = "cordova-plugin-ionic-webview/GCDWebServerFileRequest.h"; sourceTree = "<group>"; fileEncoding = 4; lastKnownFileType = sourcecode.c.h; explicitFileType = undefined; includeInIndex = 0; };
		EEBB671FE52145538B73DB83 /* GCDWebServerMultiPartFormRequest.h */ = {isa = PBXFileReference; name = "GCDWebServerMultiPartFormRequest.h"; path = "cordova-plugin-ionic-webview/GCDWebServerMultiPartFormRequest.h"; sourceTree = "<group>"; fileEncoding = 4; lastKnownFileType = sourcecode.c.h; explicitFileType = undefined; includeInIndex = 0; };
		9FAE84144A654732AF2E6097 /* GCDWebServerURLEncodedFormRequest.h */ = {isa = PBXFileReference; name = "GCDWebServerURLEncodedFormRequest.h"; path = "cordova-plugin-ionic-webview/GCDWebServerURLEncodedFormRequest.h"; sourceTree = "<group>"; fileEncoding = 4; lastKnownFileType = sourcecode.c.h; explicitFileType = undefined; includeInIndex = 0; };
		D67DD84AFA824D2CA3606285 /* GCDWebServerDataResponse.h */ = {isa = PBXFileReference; name = "GCDWebServerDataResponse.h"; path = "cordova-plugin-ionic-webview/GCDWebServerDataResponse.h"; sourceTree = "<group>"; fileEncoding = 4; lastKnownFileType = sourcecode.c.h; explicitFileType = undefined; includeInIndex = 0; };
		50766E83A4A841EDB857C74B /* GCDWebServerErrorResponse.h */ = {isa = PBXFileReference; name = "GCDWebServerErrorResponse.h"; path = "cordova-plugin-ionic-webview/GCDWebServerErrorResponse.h"; sourceTree = "<group>"; fileEncoding = 4; lastKnownFileType = sourcecode.c.h; explicitFileType = undefined; includeInIndex = 0; };
		B226B2C0C46B41588FFB141B /* GCDWebServerFileResponse.h */ = {isa = PBXFileReference; name = "GCDWebServerFileResponse.h"; path = "cordova-plugin-ionic-webview/GCDWebServerFileResponse.h"; sourceTree = "<group>"; fileEncoding = 4; lastKnownFileType = sourcecode.c.h; explicitFileType = undefined; includeInIndex = 0; };
		89297A722D6843CB9CC2EF18 /* GCDWebServerStreamedResponse.h */ = {isa = PBXFileReference; name = "GCDWebServerStreamedResponse.h"; path = "cordova-plugin-ionic-webview/GCDWebServerStreamedResponse.h"; sourceTree = "<group>"; fileEncoding = 4; lastKnownFileType = sourcecode.c.h; explicitFileType = undefined; includeInIndex = 0; };
		D29401B077BC45F896DD9999 /* WebKit.framework */ = {isa = PBXFileReference; name = "WebKit.framework"; path = "System/Library/Frameworks/WebKit.framework"; sourceTree = SDKROOT; fileEncoding = undefined; lastKnownFileType = wrapper.framework; explicitFileType = undefined; includeInIndex = 0; };
		0DC6A4346B894A39AD775616 /* libz.tbd */ = {isa = PBXFileReference; name = "libz.tbd"; path = "usr/lib/libz.tbd"; sourceTree = SDKROOT; fileEncoding = undefined; lastKnownFileType = sourcecode.text-based-dylib-definition; explicitFileType = undefined; includeInIndex = 0; };
		BF8A2878522340419ABCF47A /* APPLocalNotification.m */ = {isa = PBXFileReference; name = "APPLocalNotification.m"; path = "cordova-plugin-local-notification/APPLocalNotification.m"; sourceTree = "<group>"; fileEncoding = 4; lastKnownFileType = sourcecode.c.objc; explicitFileType = undefined; includeInIndex = 0; };
		64757FED48864773A7271183 /* APPNotificationContent.m */ = {isa = PBXFileReference; name = "APPNotificationContent.m"; path = "cordova-plugin-local-notification/APPNotificationContent.m"; sourceTree = "<group>"; fileEncoding = 4; lastKnownFileType = sourcecode.c.objc; explicitFileType = undefined; includeInIndex = 0; };
		96AEEEB3F9634E60BB3E1F6D /* APPNotificationOptions.m */ = {isa = PBXFileReference; name = "APPNotificationOptions.m"; path = "cordova-plugin-local-notification/APPNotificationOptions.m"; sourceTree = "<group>"; fileEncoding = 4; lastKnownFileType = sourcecode.c.objc; explicitFileType = undefined; includeInIndex = 0; };
		5980844671CE4B778AA66167 /* UNUserNotificationCenter+APPLocalNotification.m */ = {isa = PBXFileReference; name = "UNUserNotificationCenter+APPLocalNotification.m"; path = "cordova-plugin-local-notification/UNUserNotificationCenter+APPLocalNotification.m"; sourceTree = "<group>"; fileEncoding = 4; lastKnownFileType = sourcecode.c.objc; explicitFileType = undefined; includeInIndex = 0; };
		79B7C96C25814C489A9660A8 /* UNNotificationRequest+APPLocalNotification.m */ = {isa = PBXFileReference; name = "UNNotificationRequest+APPLocalNotification.m"; path = "cordova-plugin-local-notification/UNNotificationRequest+APPLocalNotification.m"; sourceTree = "<group>"; fileEncoding = 4; lastKnownFileType = sourcecode.c.objc; explicitFileType = undefined; includeInIndex = 0; };
		4616E9E73E63475486832543 /* APPLocalNotification.h */ = {isa = PBXFileReference; name = "APPLocalNotification.h"; path = "cordova-plugin-local-notification/APPLocalNotification.h"; sourceTree = "<group>"; fileEncoding = 4; lastKnownFileType = sourcecode.c.h; explicitFileType = undefined; includeInIndex = 0; };
		D9F21480B7F4461F889C5D9B /* APPNotificationContent.h */ = {isa = PBXFileReference; name = "APPNotificationContent.h"; path = "cordova-plugin-local-notification/APPNotificationContent.h"; sourceTree = "<group>"; fileEncoding = 4; lastKnownFileType = sourcecode.c.h; explicitFileType = undefined; includeInIndex = 0; };
		47F4E4A688C94C44943A9080 /* APPNotificationOptions.h */ = {isa = PBXFileReference; name = "APPNotificationOptions.h"; path = "cordova-plugin-local-notification/APPNotificationOptions.h"; sourceTree = "<group>"; fileEncoding = 4; lastKnownFileType = sourcecode.c.h; explicitFileType = undefined; includeInIndex = 0; };
		72AF64E2FF37405ABE3E9585 /* UNUserNotificationCenter+APPLocalNotification.h */ = {isa = PBXFileReference; name = "UNUserNotificationCenter+APPLocalNotification.h"; path = "cordova-plugin-local-notification/UNUserNotificationCenter+APPLocalNotification.h"; sourceTree = "<group>"; fileEncoding = 4; lastKnownFileType = sourcecode.c.h; explicitFileType = undefined; includeInIndex = 0; };
		9DB8C21C3057486AB893B124 /* UNNotificationRequest+APPLocalNotification.h */ = {isa = PBXFileReference; name = "UNNotificationRequest+APPLocalNotification.h"; path = "cordova-plugin-local-notification/UNNotificationRequest+APPLocalNotification.h"; sourceTree = "<group>"; fileEncoding = 4; lastKnownFileType = sourcecode.c.h; explicitFileType = undefined; includeInIndex = 0; };
		5EEA97E9D9C74360BD9FF755 /* UserNotifications.framework */ = {isa = PBXFileReference; name = "UserNotifications.framework"; path = "System/Library/Frameworks/UserNotifications.framework"; sourceTree = SDKROOT; fileEncoding = undefined; lastKnownFileType = wrapper.framework; explicitFileType = undefined; includeInIndex = 0; };
		25B0E9DF9947442B80EBCCC8 /* CoreLocation.framework */ = {isa = PBXFileReference; name = "CoreLocation.framework"; path = "System/Library/Frameworks/CoreLocation.framework"; sourceTree = SDKROOT; fileEncoding = undefined; lastKnownFileType = wrapper.framework; explicitFileType = undefined; includeInIndex = 0; };
		F75140EDB9584489875254F2 /* NativeAudio.m */ = {isa = PBXFileReference; name = "NativeAudio.m"; path = "cordova-plugin-nativeaudio/NativeAudio.m"; sourceTree = "<group>"; fileEncoding = 4; lastKnownFileType = sourcecode.c.objc; explicitFileType = undefined; includeInIndex = 0; };
		3E6215FF2BB44FAAACE07D17 /* NativeAudioAsset.m */ = {isa = PBXFileReference; name = "NativeAudioAsset.m"; path = "cordova-plugin-nativeaudio/NativeAudioAsset.m"; sourceTree = "<group>"; fileEncoding = 4; lastKnownFileType = sourcecode.c.objc; explicitFileType = undefined; includeInIndex = 0; };
		FC4C781360B44AF59E1369E1 /* NativeAudio.h */ = {isa = PBXFileReference; name = "NativeAudio.h"; path = "cordova-plugin-nativeaudio/NativeAudio.h"; sourceTree = "<group>"; fileEncoding = 4; lastKnownFileType = sourcecode.c.h; explicitFileType = undefined; includeInIndex = 0; };
		00A45A5A7739452A9F031CD1 /* NativeAudioAsset.h */ = {isa = PBXFileReference; name = "NativeAudioAsset.h"; path = "cordova-plugin-nativeaudio/NativeAudioAsset.h"; sourceTree = "<group>"; fileEncoding = 4; lastKnownFileType = sourcecode.c.h; explicitFileType = undefined; includeInIndex = 0; };
		B381A09AA4E148E491E69033 /* Foundation.framework */ = {isa = PBXFileReference; name = "Foundation.framework"; path = "System/Library/Frameworks/Foundation.framework"; sourceTree = SDKROOT; fileEncoding = undefined; lastKnownFileType = wrapper.framework; explicitFileType = undefined; includeInIndex = 0; };
		2735BE21FCED490EAA5E45F3 /* AVFoundation.framework */ = {isa = PBXFileReference; name = "AVFoundation.framework"; path = "System/Library/Frameworks/AVFoundation.framework"; sourceTree = SDKROOT; fileEncoding = undefined; lastKnownFileType = wrapper.framework; explicitFileType = undefined; includeInIndex = 0; };
		4A06D020E05A47D38D015C61 /* AudioToolbox.framework */ = {isa = PBXFileReference; name = "AudioToolbox.framework"; path = "System/Library/Frameworks/AudioToolbox.framework"; sourceTree = SDKROOT; fileEncoding = undefined; lastKnownFileType = wrapper.framework; explicitFileType = undefined; includeInIndex = 0; };
		596155DF13BC4EB19051A118 /* CDVSplashScreen.m */ = {isa = PBXFileReference; name = "CDVSplashScreen.m"; path = "cordova-plugin-splashscreen/CDVSplashScreen.m"; sourceTree = "<group>"; fileEncoding = 4; lastKnownFileType = sourcecode.c.objc; explicitFileType = undefined; includeInIndex = 0; };
		FF5E47E925F04C28867D9503 /* CDVViewController+SplashScreen.m */ = {isa = PBXFileReference; name = "CDVViewController+SplashScreen.m"; path = "cordova-plugin-splashscreen/CDVViewController+SplashScreen.m"; sourceTree = "<group>"; fileEncoding = 4; lastKnownFileType = sourcecode.c.objc; explicitFileType = undefined; includeInIndex = 0; };
		F5D8D38A8FB54EDCB61E0D32 /* CDVSplashScreen.h */ = {isa = PBXFileReference; name = "CDVSplashScreen.h"; path = "cordova-plugin-splashscreen/CDVSplashScreen.h"; sourceTree = "<group>"; fileEncoding = 4; lastKnownFileType = sourcecode.c.h; explicitFileType = undefined; includeInIndex = 0; };
		3F26761F570643F098134789 /* CDVViewController+SplashScreen.h */ = {isa = PBXFileReference; name = "CDVViewController+SplashScreen.h"; path = "cordova-plugin-splashscreen/CDVViewController+SplashScreen.h"; sourceTree = "<group>"; fileEncoding = 4; lastKnownFileType = sourcecode.c.h; explicitFileType = undefined; includeInIndex = 0; };
		A7E7900F16384E87825C7F96 /* SQLitePlugin.m */ = {isa = PBXFileReference; name = "SQLitePlugin.m"; path = "cordova-sqlite-storage/SQLitePlugin.m"; sourceTree = "<group>"; fileEncoding = 4; lastKnownFileType = sourcecode.c.objc; explicitFileType = undefined; includeInIndex = 0; };
		DD78FA97C4EA48839146F1F9 /* PSPDFThreadSafeMutableDictionary.m */ = {isa = PBXFileReference; name = "PSPDFThreadSafeMutableDictionary.m"; path = "cordova-sqlite-storage/PSPDFThreadSafeMutableDictionary.m"; sourceTree = "<group>"; fileEncoding = 4; lastKnownFileType = sourcecode.c.objc; explicitFileType = undefined; includeInIndex = 0; };
		6625F838441746B6A84B7B40 /* sqlite3.c */ = {isa = PBXFileReference; name = "sqlite3.c"; path = "cordova-sqlite-storage/sqlite3.c"; sourceTree = "<group>"; fileEncoding = undefined; lastKnownFileType = unknown; explicitFileType = undefined; includeInIndex = 0; };
		6CE04170CC4C4AD3AA6E3AFA /* SQLitePlugin.h */ = {isa = PBXFileReference; name = "SQLitePlugin.h"; path = "cordova-sqlite-storage/SQLitePlugin.h"; sourceTree = "<group>"; fileEncoding = 4; lastKnownFileType = sourcecode.c.h; explicitFileType = undefined; includeInIndex = 0; };
		F4CEA16E31D847D3B3D76839 /* PSPDFThreadSafeMutableDictionary.h */ = {isa = PBXFileReference; name = "PSPDFThreadSafeMutableDictionary.h"; path = "cordova-sqlite-storage/PSPDFThreadSafeMutableDictionary.h"; sourceTree = "<group>"; fileEncoding = 4; lastKnownFileType = sourcecode.c.h; explicitFileType = undefined; includeInIndex = 0; };
		AC4D716C1CE3441B8A01CBAB /* sqlite3.h */ = {isa = PBXFileReference; name = "sqlite3.h"; path = "cordova-sqlite-storage/sqlite3.h"; sourceTree = "<group>"; fileEncoding = 4; lastKnownFileType = sourcecode.c.h; explicitFileType = undefined; includeInIndex = 0; };
		890B3E4C690F4FE4A6F0A158 /* IonicKeyboard.m */ = {isa = PBXFileReference; name = "IonicKeyboard.m"; path = "ionic-plugin-keyboard/IonicKeyboard.m"; sourceTree = "<group>"; fileEncoding = 4; lastKnownFileType = sourcecode.c.objc; explicitFileType = undefined; includeInIndex = 0; };
		3DDD476B4CB049CD9FBA72B9 /* IonicKeyboard.h */ = {isa = PBXFileReference; name = "IonicKeyboard.h"; path = "ionic-plugin-keyboard/IonicKeyboard.h"; sourceTree = "<group>"; fileEncoding = 4; lastKnownFileType = sourcecode.c.h; explicitFileType = undefined; includeInIndex = 0; };
/* End PBXFileReference section */

/* Begin PBXFrameworksBuildPhase section */
		1D60588F0D05DD3D006BFB54 /* Frameworks */ = {
			isa = PBXFrameworksBuildPhase;
			buildActionMask = 2147483647;
			files = (
				301BF552109A68D80062928A /* libCordova.a in Frameworks */,
				8A8FEF7E5FD54EE783D0A75F /* Security.framework in Frameworks */,
				7EEB1F5B600840FEB375AEBD /* SystemConfiguration.framework in Frameworks */,
				22517D15A9654B7AA478081F /* CoreBluetooth.framework in Frameworks */,
				F0F7449579DA49D08C7096F7 /* WebKit.framework in Frameworks */,
				D0B7E7813ACE47E798BFBD17 /* libz.tbd in Frameworks */,
				BF798C3887D7426EB92DBAA1 /* UserNotifications.framework in Frameworks */,
				EDAE355604A249E39082B427 /* CoreLocation.framework in Frameworks */,
				AC12FE42475540FE8E106A48 /* Foundation.framework in Frameworks */,
				37480ECDBA724503B95E501C /* AVFoundation.framework in Frameworks */,
				AAEECADB9F9E44CB8BF6F5E6 /* AudioToolbox.framework in Frameworks */,
			);
			runOnlyForDeploymentPostprocessing = 0;
		};
/* End PBXFrameworksBuildPhase section */

/* Begin PBXGroup section */
		080E96DDFE201D6D7F000001 /* Classes */ = {
			isa = PBXGroup;
			children = (
				302D95EE14D2391D003F00A1 /* MainViewController.h */,
				302D95EF14D2391D003F00A1 /* MainViewController.m */,
				302D95F014D2391D003F00A1 /* MainViewController.xib */,
				1D3623240D0F684500981E51 /* AppDelegate.h */,
				1D3623250D0F684500981E51 /* AppDelegate.m */,
			);
			name = Classes;
			path = "MyApp/Classes";
			sourceTree = SOURCE_ROOT;
		};
		19C28FACFE9D520D11CA2CBB /* Products */ = {
			isa = PBXGroup;
			children = (
				1D6058910D05DD3D006BFB54 /* MyApp.app */,
			);
			name = Products;
			sourceTree = "<group>";
		};
		29B97314FDCFA39411CA2CEA /* CustomTemplate */ = {
			isa = PBXGroup;
			children = (
				EB87FDF41871DAF40020F90C /* config.xml */,
				EB87FDF31871DA8E0020F90C /* www */,
				EB87FDF11871DA420020F90C /* Staging */,
				301BF52D109A57CC0062928A /* CordovaLib.xcodeproj */,
				080E96DDFE201D6D7F000001 /* Classes */,
				307C750510C5A3420062BCA9 /* Plugins */,
				29B97315FDCFA39411CA2CEA /* Other Sources */,
				29B97317FDCFA39411CA2CEA /* Resources */,
				29B97323FDCFA39411CA2CEA /* Frameworks */,
				19C28FACFE9D520D11CA2CBB /* Products */,
			);
			name = CustomTemplate;
			sourceTree = "<group>";
		};
		29B97315FDCFA39411CA2CEA /* Other Sources */ = {
			isa = PBXGroup;
			children = (
				32CA4F630368D1EE00C91783 /* MyApp-Prefix.pch */,
				29B97316FDCFA39411CA2CEA /* main.m */,
				ED33DF2A687741AEAF9F8254 /* Bridging-Header.h */,
			);
			name = "Other Sources";
			path = "MyApp";
			sourceTree = "<group>";
		};
		29B97317FDCFA39411CA2CEA /* Resources */ = {
			isa = PBXGroup;
			children = (
				0207DA571B56EA530066E2B4 /* Images.xcassets */,
				3047A50E1AB8057F00498E2A /* config */,
				8D1107310486CEB800E47090 /* MyApp-Info.plist */,
				6AFF5BF81D6E424B00AB3073 /* CDVLaunchScreen.storyboard */,
				3690F8A259C74F6F81F447DC /* appbeep.wav */,
			);
			name = Resources;
			path = "MyApp/Resources";
			sourceTree = "<group>";
		};
		29B97323FDCFA39411CA2CEA /* Frameworks */ = {
			isa = PBXGroup;
			children = (
				E1D1057377334BEAA9E998F4 /* Security.framework */,
				9A6BDFD6D1AC4505ADAE4762 /* SystemConfiguration.framework */,
				4957B11F726547D285120ECD /* CoreBluetooth.framework */,
				D29401B077BC45F896DD9999 /* WebKit.framework */,
				0DC6A4346B894A39AD775616 /* libz.tbd */,
				5EEA97E9D9C74360BD9FF755 /* UserNotifications.framework */,
				25B0E9DF9947442B80EBCCC8 /* CoreLocation.framework */,
				B381A09AA4E148E491E69033 /* Foundation.framework */,
				2735BE21FCED490EAA5E45F3 /* AVFoundation.framework */,
				4A06D020E05A47D38D015C61 /* AudioToolbox.framework */,
			);
			name = Frameworks;
			sourceTree = "<group>";
		};
		301BF52E109A57CC0062928A /* Products */ = {
			isa = PBXGroup;
			children = (
				301BF535109A57CC0062928A /* libCordova.a */,
			);
			name = Products;
			sourceTree = "<group>";
		};
		3047A50E1AB8057F00498E2A /* config */ = {
			isa = PBXGroup;
			children = (
				3047A50F1AB8059700498E2A /* build-debug.xcconfig */,
				3047A5101AB8059700498E2A /* build-release.xcconfig */,
				3047A5111AB8059700498E2A /* build.xcconfig */,
			);
			name = config;
			sourceTree = "<group>";
		};
		307C750510C5A3420062BCA9 /* Plugins */ = {
			isa = PBXGroup;
			children = (
				565DB4216DD44008B3C70DA0 /* CDVFile.m */,
				A1B896EBF6A84FB08C8318D5 /* CDVLocalFilesystem.m */,
				3E9A0C0B4B8A4308A2BF56A6 /* CDVAssetLibraryFilesystem.m */,
				256A0035A85A4486B9E03EC8 /* CDVFile.h */,
				44ADD837F4644F2F8402CC38 /* CDVLocalFilesystem.h */,
				DB24D2D5378B469F8812EE11 /* CDVAssetLibraryFilesystem.h */,
				C315EE72C27A4F6C9C9AD06A /* CordovaHttpPlugin.m */,
				4CDA2DF0F3B74219A3C59D18 /* TextResponseSerializer.m */,
				795CA053C0BD4C1A94EE5B07 /* TextRequestSerializer.m */,
				B3D44B59C76649EDA2A75C95 /* AFHTTPSessionManager.m */,
				0A90C0E8F5A340DB88FA2DFB /* AFNetworkReachabilityManager.m */,
				5A26815C1B074C4B9D0D21BE /* AFSecurityPolicy.m */,
				F52053E418624FF2A6E30072 /* AFURLRequestSerialization.m */,
				2A40ADE554DB4A4E97CAA80B /* AFURLResponseSerialization.m */,
				DC894F46E3AC4208B22A9EED /* AFURLSessionManager.m */,
				08510BB6416B4C3380F642C4 /* CordovaHttpPlugin.h */,
				DF616523FD6A4F92974B0849 /* TextResponseSerializer.h */,
				304A3354C58249B599F552AF /* TextRequestSerializer.h */,
				28045A3ADD254FFFBAEAFE2A /* AFHTTPSessionManager.h */,
				58077D7C8BFD4EB292F736AF /* AFNetworking.h */,
				192697DF00EE44FBA6A81AE6 /* AFNetworkReachabilityManager.h */,
				04B66467349B4B46B6A4E1A0 /* AFSecurityPolicy.h */,
				F5825DCB5C6343B4B1929CDE /* AFURLRequestSerialization.h */,
				DF6D0629CF01402FB640171B /* AFURLResponseSerialization.h */,
				83B50A53CA6E4ACEAEF9A822 /* AFURLSessionManager.h */,
				A9FDF6AC8417404D9B281F32 /* CDVDevice.m */,
				22941AA37A6143119BBCB2F1 /* CDVDevice.h */,
				9E7429D73C214900BF54C573 /* APPBackgroundMode.m */,
				4CFE27FCA8B64DDCBE15115A /* APPMethodMagic.m */,
				359BA3645C8444F7823F2446 /* APPBackgroundMode.h */,
				8D665366A01C48DE8B2A2B47 /* APPMethodMagic.h */,
				523F11CA62B246A68A52E53D /* APPBadge.m */,
				2C1C78A7526041F49E0D7E05 /* APPBadge.h */,
				8B1E7D0802014E0B843C0D97 /* MEGBluetoothSerial.m */,
				A27CABDF593244F9A04E44AF /* CBPeripheral+BTSExtensions.m */,
				E72BA5D3167945DEBBED049D /* BLE.m */,
				C5F885F3E580485295AB62D6 /* MEGBluetoothSerial.h */,
				A9E84AA41BA447D7A3E8F166 /* CBPeripheral+BTSExtensions.h */,
				DD034715607A4E2F9E45B09C /* BLE.h */,
				ADC0F1C8F09848B79915B118 /* BLEDefines.h */,
				F1909227955246D5A216365D /* CDVInAppBrowser.m */,
				3B172033A5AB470B85B00E56 /* CDVInAppBrowser.h */,
				D898B7C30B004B6FA16B9336 /* CDVWKWebViewEngine.m */,
				7E4817E0C7D543F48DB09A4F /* CDVWKWebViewUIDelegate.m */,
				16BC8170904A41249DD9E540 /* CDVWKProcessPoolFactory.m */,
				329426EA2F584750B78B3866 /* GCDWebServer.m */,
				315C3EEBDDC446F59E473646 /* GCDWebServerConnection.m */,
				B4056D5110FE4FC2AD4BAC71 /* GCDWebServerFunctions.m */,
				30EB2E0DB2D8441AA4598F2F /* GCDWebServerRequest.m */,
				B2E0C9E6D16E4BE6AC4FB271 /* GCDWebServerResponse.m */,
				019134FD8898498690519A45 /* GCDWebServerDataRequest.m */,
				99B7BCB77585423585BB743E /* GCDWebServerFileRequest.m */,
				FEEA06330F654972A27A55D0 /* GCDWebServerMultiPartFormRequest.m */,
				90856B0D5E2E4729A2874E6D /* GCDWebServerURLEncodedFormRequest.m */,
				7D62BC410D11438D8C5CF117 /* GCDWebServerDataResponse.m */,
				83635B81D8F6443287CEF9AF /* GCDWebServerErrorResponse.m */,
				07D2C9551C3648D9B4CDA0AE /* GCDWebServerFileResponse.m */,
				6898EA8AFEC54335AD40E597 /* GCDWebServerStreamedResponse.m */,
				8AE98AF118384B4EA51B2BBE /* CDVWKWebViewEngine.h */,
				516503A3CCD4446D8F443176 /* CDVWKWebViewUIDelegate.h */,
				B740D0C91630449FA8748265 /* CDVWKProcessPoolFactory.h */,
				E7F17C3BDAD847F48257109B /* GCDWebServer.h */,
				B31D17B629DF467E9070299A /* GCDWebServerConnection.h */,
				0D3CA52F744E4CEF9A77EC1A /* GCDWebServerFunctions.h */,
				110C5F85C68844DB8C47E3C2 /* GCDWebServerHTTPStatusCodes.h */,
				124D2A43E90C4CA18A4EA913 /* GCDWebServerPrivate.h */,
				A3944B1F3AEE45FAB6B22F7D /* GCDWebServerRequest.h */,
				60B72EDE191A43729E34864D /* GCDWebServerResponse.h */,
				FC41FA7F05014AD2B2D85830 /* GCDWebServerDataRequest.h */,
				6E11325D295F44CBB3ABC34F /* GCDWebServerFileRequest.h */,
				EEBB671FE52145538B73DB83 /* GCDWebServerMultiPartFormRequest.h */,
				9FAE84144A654732AF2E6097 /* GCDWebServerURLEncodedFormRequest.h */,
				D67DD84AFA824D2CA3606285 /* GCDWebServerDataResponse.h */,
				50766E83A4A841EDB857C74B /* GCDWebServerErrorResponse.h */,
				B226B2C0C46B41588FFB141B /* GCDWebServerFileResponse.h */,
				89297A722D6843CB9CC2EF18 /* GCDWebServerStreamedResponse.h */,
				BF8A2878522340419ABCF47A /* APPLocalNotification.m */,
				64757FED48864773A7271183 /* APPNotificationContent.m */,
				96AEEEB3F9634E60BB3E1F6D /* APPNotificationOptions.m */,
				5980844671CE4B778AA66167 /* UNUserNotificationCenter+APPLocalNotification.m */,
				79B7C96C25814C489A9660A8 /* UNNotificationRequest+APPLocalNotification.m */,
				4616E9E73E63475486832543 /* APPLocalNotification.h */,
				D9F21480B7F4461F889C5D9B /* APPNotificationContent.h */,
				47F4E4A688C94C44943A9080 /* APPNotificationOptions.h */,
				72AF64E2FF37405ABE3E9585 /* UNUserNotificationCenter+APPLocalNotification.h */,
				9DB8C21C3057486AB893B124 /* UNNotificationRequest+APPLocalNotification.h */,
				F75140EDB9584489875254F2 /* NativeAudio.m */,
				3E6215FF2BB44FAAACE07D17 /* NativeAudioAsset.m */,
				FC4C781360B44AF59E1369E1 /* NativeAudio.h */,
				00A45A5A7739452A9F031CD1 /* NativeAudioAsset.h */,
				596155DF13BC4EB19051A118 /* CDVSplashScreen.m */,
				FF5E47E925F04C28867D9503 /* CDVViewController+SplashScreen.m */,
				F5D8D38A8FB54EDCB61E0D32 /* CDVSplashScreen.h */,
				3F26761F570643F098134789 /* CDVViewController+SplashScreen.h */,
				A7E7900F16384E87825C7F96 /* SQLitePlugin.m */,
				DD78FA97C4EA48839146F1F9 /* PSPDFThreadSafeMutableDictionary.m */,
				6625F838441746B6A84B7B40 /* sqlite3.c */,
				6CE04170CC4C4AD3AA6E3AFA /* SQLitePlugin.h */,
				F4CEA16E31D847D3B3D76839 /* PSPDFThreadSafeMutableDictionary.h */,
				AC4D716C1CE3441B8A01CBAB /* sqlite3.h */,
				890B3E4C690F4FE4A6F0A158 /* IonicKeyboard.m */,
				3DDD476B4CB049CD9FBA72B9 /* IonicKeyboard.h */,
			);
			name = Plugins;
			path = "MyApp/Plugins";
			sourceTree = SOURCE_ROOT;
		};
		EB87FDF11871DA420020F90C /* Staging */ = {
			isa = PBXGroup;
			children = (
				F840E1F0165FE0F500CFE078 /* config.xml */,
				301BF56E109A69640062928A /* www */,
			);
			name = Staging;
			sourceTree = "<group>";
		};
/* End PBXGroup section */

/* Begin PBXNativeTarget section */
		1D6058900D05DD3D006BFB54 /* MyApp */ = {
			isa = PBXNativeTarget;
			buildConfigurationList = 1D6058960D05DD3E006BFB54 /* Build configuration list for PBXNativeTarget "MyApp" */;
			buildPhases = (
				304B58A110DAC018002A0835 /* Copy www directory */,
				1D60588D0D05DD3D006BFB54 /* Resources */,
				1D60588E0D05DD3D006BFB54 /* Sources */,
				1D60588F0D05DD3D006BFB54 /* Frameworks */,
			);
			buildRules = (
			);
			dependencies = (
				301BF551109A68C00062928A /* PBXTargetDependency */,
			);
			name = "MyApp";
			productName = "MyApp";
			productReference = 1D6058910D05DD3D006BFB54 /* MyApp.app */;
			productType = "com.apple.product-type.application";
		};
/* End PBXNativeTarget section */

/* Begin PBXProject section */
		29B97313FDCFA39411CA2CEA /* Project object */ = {
			isa = PBXProject;
			attributes = {
				LastUpgradeCheck = 510;
			};
			buildConfigurationList = C01FCF4E08A954540054247B /* Build configuration list for PBXProject "__NON-CLI__" */;
			compatibilityVersion = "Xcode 3.2";
			developmentRegion = English;
			hasScannedForEncodings = 1;
			mainGroup = 29B97314FDCFA39411CA2CEA /* CustomTemplate */;
			projectDirPath = "";
			projectReferences = (
				{
					ProductGroup = 301BF52E109A57CC0062928A /* Products */;
					ProjectRef = 301BF52D109A57CC0062928A /* CordovaLib.xcodeproj */;
				},
			);
			projectRoot = "";
			targets = (
				1D6058900D05DD3D006BFB54 /* MyApp */,
			);
		};
/* End PBXProject section */

/* Begin PBXReferenceProxy section */
		301BF535109A57CC0062928A /* libCordova.a */ = {
			isa = PBXReferenceProxy;
			fileType = archive.ar;
			path = libCordova.a;
			remoteRef = 301BF534109A57CC0062928A /* PBXContainerItemProxy */;
			sourceTree = BUILT_PRODUCTS_DIR;
		};
/* End PBXReferenceProxy section */

/* Begin PBXResourcesBuildPhase section */
		1D60588D0D05DD3D006BFB54 /* Resources */ = {
			isa = PBXResourcesBuildPhase;
			buildActionMask = 2147483647;
			files = (
				302D95F214D2391D003F00A1 /* MainViewController.xib in Resources */,
				0207DA581B56EA530066E2B4 /* Images.xcassets in Resources */,
				6AFF5BF91D6E424B00AB3073 /* CDVLaunchScreen.storyboard in Resources */,
				6B7F1BE6825847AD9F8AF99E /* appbeep.wav in Resources */,
			);
			runOnlyForDeploymentPostprocessing = 0;
		};
/* End PBXResourcesBuildPhase section */

/* Begin PBXShellScriptBuildPhase section */
		304B58A110DAC018002A0835 /* Copy www directory */ = {
			isa = PBXShellScriptBuildPhase;
			buildActionMask = 2147483647;
			files = (
			);
			inputPaths = (
			);
			name = "Copy www directory";
			outputPaths = (
			);
			runOnlyForDeploymentPostprocessing = 0;
			shellPath = /bin/sh;
			shellScript = "NODEJS_PATH=/usr/local/bin; NVM_NODE_PATH=~/.nvm/versions/node/`nvm version 2>/dev/null`/bin; N_NODE_PATH=`find /usr/local/n/versions/node/* -maxdepth 0 -type d 2>/dev/null | tail -1`/bin; XCODE_NODE_PATH=`xcode-select --print-path`/usr/share/xcs/Node/bin; PATH=$NODEJS_PATH:$NVM_NODE_PATH:$N_NODE_PATH:$XCODE_NODE_PATH:$PATH && node cordova/lib/copy-www-build-step.js";
			showEnvVarsInLog = 0;
		};
/* End PBXShellScriptBuildPhase section */

/* Begin PBXSourcesBuildPhase section */
		1D60588E0D05DD3D006BFB54 /* Sources */ = {
			isa = PBXSourcesBuildPhase;
			buildActionMask = 2147483647;
			files = (
				1D60589B0D05DD56006BFB54 /* main.m in Sources */,
				1D3623260D0F684500981E51 /* AppDelegate.m in Sources */,
				302D95F114D2391D003F00A1 /* MainViewController.m in Sources */,
				86085564E32042FB87C9963B /* CDVFile.m in Sources */,
				88DA150C658F4C109CC155AA /* CDVLocalFilesystem.m in Sources */,
				43076B1EEA6A4461952C10E4 /* CDVAssetLibraryFilesystem.m in Sources */,
				962202D9A6EA4034B855A453 /* CordovaHttpPlugin.m in Sources */,
				0CF4C2C3713147699F547C74 /* TextResponseSerializer.m in Sources */,
				01AC9F1935D94E8AAA488BA7 /* TextRequestSerializer.m in Sources */,
				B23ECC56526A4137BD11644C /* AFHTTPSessionManager.m in Sources */,
				F4BEAAB4B2CE4BF3A9E943D8 /* AFNetworkReachabilityManager.m in Sources */,
				AFCB7B9BAC1B4364998B3AF7 /* AFSecurityPolicy.m in Sources */,
				4169FB244383418D892ED393 /* AFURLRequestSerialization.m in Sources */,
				1C20FA858FC845A59E838E92 /* AFURLResponseSerialization.m in Sources */,
				7E67D23D62554CDC84D0C305 /* AFURLSessionManager.m in Sources */,
				4163D5EECB4F42A9BD4AF408 /* CDVDevice.m in Sources */,
				DEE67F592C2246D3B712DCB3 /* APPBackgroundMode.m in Sources */,
				44187A5C645441C79ED45A84 /* APPMethodMagic.m in Sources */,
				0520ECC81F7649198541265B /* APPBadge.m in Sources */,
				A062EA327AF744139FE32C20 /* MEGBluetoothSerial.m in Sources */,
				A1B5443428A9413F8B6A5D39 /* CBPeripheral+BTSExtensions.m in Sources */,
				5B9AE631D76846919DC8A6B4 /* BLE.m in Sources */,
				CD7DB8191BA943D5B5DEFE37 /* CDVInAppBrowser.m in Sources */,
				3A87699676DF42618D0896C7 /* CDVWKWebViewEngine.m in Sources */,
				BE65AD24E1694DB69278E9B0 /* CDVWKWebViewUIDelegate.m in Sources */,
				9C002CBA5E6A43BDAE70441E /* CDVWKProcessPoolFactory.m in Sources */,
				80223F25B91E45628DBB4546 /* GCDWebServer.m in Sources */,
				8F4722CEF2264FADB78EFEE7 /* GCDWebServerConnection.m in Sources */,
				FFC638FA6ACB478AB8A0CA78 /* GCDWebServerFunctions.m in Sources */,
				A407E530CA0A425A89CB63F9 /* GCDWebServerRequest.m in Sources */,
				602499CEC5EF4D79817106F6 /* GCDWebServerResponse.m in Sources */,
				A7608186912D44CD891F0B2E /* GCDWebServerDataRequest.m in Sources */,
				4EA37B17209743EDAEBDE055 /* GCDWebServerFileRequest.m in Sources */,
				48DE04EFDDB4474DBA0CE5C3 /* GCDWebServerMultiPartFormRequest.m in Sources */,
				0014674F31404004B61BD939 /* GCDWebServerURLEncodedFormRequest.m in Sources */,
				5F0D2CE00BDF4E7D946EDB92 /* GCDWebServerDataResponse.m in Sources */,
				D117CE9052064AA0811318BA /* GCDWebServerErrorResponse.m in Sources */,
				DBFBEF8F27824A809C6ECFF7 /* GCDWebServerFileResponse.m in Sources */,
				A3A5BDDADEA84610AAE76D04 /* GCDWebServerStreamedResponse.m in Sources */,
				1CBD3B6A3B61484CBFE53E0B /* APPLocalNotification.m in Sources */,
				B4334B3E9C7B47418C854E56 /* APPNotificationContent.m in Sources */,
				A3470A7ADFD14C6F9D4379B3 /* APPNotificationOptions.m in Sources */,
				3FBC91ECFA364392AA2F9683 /* UNUserNotificationCenter+APPLocalNotification.m in Sources */,
				962B5D28363848039DA28EA1 /* UNNotificationRequest+APPLocalNotification.m in Sources */,
				113D3B65DCE44842B11F9B3B /* NativeAudio.m in Sources */,
				59048EA2B6044E37B4DEFAAA /* NativeAudioAsset.m in Sources */,
				1769F2149AAF4226BFFBA9BE /* CDVSplashScreen.m in Sources */,
				712FB6D6FB19433D807FD9E3 /* CDVViewController+SplashScreen.m in Sources */,
				99E9BAE2275647B8980B54E4 /* SQLitePlugin.m in Sources */,
				EA0FACAD1D8C4938BBD6EBC5 /* PSPDFThreadSafeMutableDictionary.m in Sources */,
				E1F05EFFC1004E87A4AE593A /* sqlite3.c in Resources */,
				0C79AB2C14264CE9A1A4666B /* IonicKeyboard.m in Sources */,
			);
			runOnlyForDeploymentPostprocessing = 0;
		};
/* End PBXSourcesBuildPhase section */

/* Begin PBXTargetDependency section */
		301BF551109A68C00062928A /* PBXTargetDependency */ = {
			isa = PBXTargetDependency;
			name = CordovaLib;
			targetProxy = 301BF550109A68C00062928A /* PBXContainerItemProxy */;
		};
/* End PBXTargetDependency section */

/* Begin XCBuildConfiguration section */
		1D6058940D05DD3E006BFB54 /* Debug */ = {
			isa = XCBuildConfiguration;
			baseConfigurationReference = 3047A50F1AB8059700498E2A /* build-debug.xcconfig */;
			buildSettings = {
				ALWAYS_SEARCH_USER_PATHS = NO;
				ASSETCATALOG_COMPILER_APPICON_NAME = AppIcon;
				ASSETCATALOG_COMPILER_LAUNCHIMAGE_NAME = LaunchImage;
				CLANG_ENABLE_MODULES = YES;
				CLANG_ENABLE_OBJC_ARC = YES;
				COPY_PHASE_STRIP = NO;
				GCC_DYNAMIC_NO_PIC = NO;
				GCC_OPTIMIZATION_LEVEL = 0;
				GCC_PRECOMPILE_PREFIX_HEADER = YES;
				GCC_PREFIX_HEADER = "MyApp/MyApp-Prefix.pch";
				GCC_THUMB_SUPPORT = NO;
				GCC_VERSION = "";
				INFOPLIST_FILE = "MyApp/MyApp-Info.plist";
				IPHONEOS_DEPLOYMENT_TARGET = 9.0;
				LD_RUNPATH_SEARCH_PATHS = "@executable_path/Frameworks";
				TARGETED_DEVICE_FAMILY = "1,2";
				PRODUCT_NAME = "MyApp";
			};
			name = Debug;
		};
		1D6058950D05DD3E006BFB54 /* Release */ = {
			isa = XCBuildConfiguration;
			baseConfigurationReference = 3047A5101AB8059700498E2A /* build-release.xcconfig */;
			buildSettings = {
				ALWAYS_SEARCH_USER_PATHS = NO;
				ASSETCATALOG_COMPILER_APPICON_NAME = AppIcon;
				ASSETCATALOG_COMPILER_LAUNCHIMAGE_NAME = LaunchImage;
				CLANG_ENABLE_MODULES = YES;
				CLANG_ENABLE_OBJC_ARC = YES;
				COPY_PHASE_STRIP = YES;
				GCC_PRECOMPILE_PREFIX_HEADER = YES;
				GCC_PREFIX_HEADER = "MyApp/MyApp-Prefix.pch";
				GCC_THUMB_SUPPORT = NO;
				GCC_VERSION = "";
				INFOPLIST_FILE = "MyApp/MyApp-Info.plist";
				IPHONEOS_DEPLOYMENT_TARGET = 9.0;
				LD_RUNPATH_SEARCH_PATHS = "@executable_path/Frameworks";
				TARGETED_DEVICE_FAMILY = "1,2";
				PRODUCT_NAME = "MyApp";
			};
			name = Release;
		};
		C01FCF4F08A954540054247B /* Debug */ = {
			isa = XCBuildConfiguration;
			baseConfigurationReference = 3047A5111AB8059700498E2A /* build.xcconfig */;
			buildSettings = {
				CLANG_ENABLE_MODULES = YES;
				CLANG_ENABLE_OBJC_ARC = YES;
				CLANG_WARN_BOOL_CONVERSION = YES;
				CLANG_WARN_CONSTANT_CONVERSION = YES;
				CLANG_WARN_EMPTY_BODY = YES;
				CLANG_WARN_ENUM_CONVERSION = YES;
				CLANG_WARN_INT_CONVERSION = YES;
				CLANG_WARN__DUPLICATE_METHOD_MATCH = YES;
				GCC_C_LANGUAGE_STANDARD = c99;
				GCC_THUMB_SUPPORT = NO;
				GCC_VERSION = "";
				GCC_WARN_ABOUT_RETURN_TYPE = YES;
				GCC_WARN_UNDECLARED_SELECTOR = YES;
				GCC_WARN_UNINITIALIZED_AUTOS = YES;
				GCC_WARN_UNUSED_FUNCTION = YES;
				GCC_WARN_UNUSED_VARIABLE = YES;
				ONLY_ACTIVE_ARCH = YES;
				SDKROOT = iphoneos;
				SKIP_INSTALL = NO;
			};
			name = Debug;
		};
		C01FCF5008A954540054247B /* Release */ = {
			isa = XCBuildConfiguration;
			baseConfigurationReference = 3047A5111AB8059700498E2A /* build.xcconfig */;
			buildSettings = {
				CLANG_ENABLE_MODULES = YES;
				CLANG_ENABLE_OBJC_ARC = YES;
				CLANG_WARN_BOOL_CONVERSION = YES;
				CLANG_WARN_CONSTANT_CONVERSION = YES;
				CLANG_WARN_EMPTY_BODY = YES;
				CLANG_WARN_ENUM_CONVERSION = YES;
				CLANG_WARN_INT_CONVERSION = YES;
				CLANG_WARN__DUPLICATE_METHOD_MATCH = YES;
				GCC_C_LANGUAGE_STANDARD = c99;
				GCC_THUMB_SUPPORT = NO;
				GCC_VERSION = "";
				GCC_WARN_ABOUT_RETURN_TYPE = YES;
				GCC_WARN_UNDECLARED_SELECTOR = YES;
				GCC_WARN_UNINITIALIZED_AUTOS = YES;
				GCC_WARN_UNUSED_FUNCTION = YES;
				GCC_WARN_UNUSED_VARIABLE = YES;
				SDKROOT = iphoneos;
				SKIP_INSTALL = NO;
			};
			name = Release;
		};
/* End XCBuildConfiguration section */

/* Begin XCConfigurationList section */
		1D6058960D05DD3E006BFB54 /* Build configuration list for PBXNativeTarget "MyApp" */ = {
			isa = XCConfigurationList;
			buildConfigurations = (
				1D6058940D05DD3E006BFB54 /* Debug */,
				1D6058950D05DD3E006BFB54 /* Release */,
			);
			defaultConfigurationIsVisible = 0;
			defaultConfigurationName = Release;
		};
		C01FCF4E08A954540054247B /* Build configuration list for PBXProject "__NON-CLI__" */ = {
			isa = XCConfigurationList;
			buildConfigurations = (
				C01FCF4F08A954540054247B /* Debug */,
				C01FCF5008A954540054247B /* Release */,
			);
			defaultConfigurationIsVisible = 0;
			defaultConfigurationName = Release;
		};
/* End XCConfigurationList section */
	};
	rootObject = 29B97313FDCFA39411CA2CEA /* Project object */;
}
